
Microsoft Visual Studio Solution File, Format Version 12.00
# Visual Studio Version 16
VisualStudioVersion = 16.0.30523.141
MinimumVisualStudioVersion = 10.0.40219.1
Project("{9A19103F-16F7-4668-BE54-9A1E7A4F7556}") = "SlackNotifications", "SlackNotifications.csproj", "{7E91595E-42C5-4863-BF3B-E7D070A69D21}"
EndProject
Project("{FAE04EC0-301F-11D3-BF4B-00C04F79EFBC}") = "SlackNotifications.Models", "..\SlackNotifications.Models\SlackNotifications.Models.csproj", "{46DAEF7B-4AE1-42D8-A47B-21FC5AB5A6D3}"
EndProject
Global
	GlobalSection(SolutionConfigurationPlatforms) = preSolution
		Debug|Any CPU = Debug|Any CPU
		Release|Any CPU = Release|Any CPU
	EndGlobalSection
	GlobalSection(ProjectConfigurationPlatforms) = postSolution
		{7E91595E-42C5-4863-BF3B-E7D070A69D21}.Debug|Any CPU.ActiveCfg = Debug|Any CPU
		{7E91595E-42C5-4863-BF3B-E7D070A69D21}.Debug|Any CPU.Build.0 = Debug|Any CPU
		{7E91595E-42C5-4863-BF3B-E7D070A69D21}.Release|Any CPU.ActiveCfg = Release|Any CPU
		{7E91595E-42C5-4863-BF3B-E7D070A69D21}.Release|Any CPU.Build.0 = Release|Any CPU
		{46DAEF7B-4AE1-42D8-A47B-21FC5AB5A6D3}.Debug|Any CPU.ActiveCfg = Debug|Any CPU
		{46DAEF7B-4AE1-42D8-A47B-21FC5AB5A6D3}.Debug|Any CPU.Build.0 = Debug|Any CPU
		{46DAEF7B-4AE1-42D8-A47B-21FC5AB5A6D3}.Release|Any CPU.ActiveCfg = Release|Any CPU
		{46DAEF7B-4AE1-42D8-A47B-21FC5AB5A6D3}.Release|Any CPU.Build.0 = Release|Any CPU
	EndGlobalSection
	GlobalSection(SolutionProperties) = preSolution
		HideSolutionNode = FALSE
	EndGlobalSection
	GlobalSection(ExtensibilityGlobals) = postSolution
		SolutionGuid = {3FC34471-E2D6-4FD8-92A3-A6C9D396AEFA}
	EndGlobalSection
EndGlobal
